// !$*UTF8*$!
{
	archiveVersion = 1;
	classes = {
	};
	objectVersion = 50;
	objects = {

/* Begin PBXBuildFile section */
		451AA99321A85ECF00147AA1 /* EditarViewController.swift in Sources */ = {isa = PBXBuildFile; fileRef = 451AA99221A85ECF00147AA1 /* EditarViewController.swift */; };
		456A97C421A84E1700352D2D /* TablaViewController.swift in Sources */ = {isa = PBXBuildFile; fileRef = 456A97C321A84E1700352D2D /* TablaViewController.swift */; };
		45BB5EA721A7657200B76876 /* AppDelegate.swift in Sources */ = {isa = PBXBuildFile; fileRef = 45BB5EA621A7657200B76876 /* AppDelegate.swift */; };
		45BB5EA921A7657200B76876 /* ViewController.swift in Sources */ = {isa = PBXBuildFile; fileRef = 45BB5EA821A7657200B76876 /* ViewController.swift */; };
		45BB5EAC21A7657200B76876 /* Main.storyboard in Resources */ = {isa = PBXBuildFile; fileRef = 45BB5EAA21A7657200B76876 /* Main.storyboard */; };
		45BB5EAF21A7657200B76876 /* CrudCoreData.xcdatamodeld in Sources */ = {isa = PBXBuildFile; fileRef = 45BB5EAD21A7657200B76876 /* CrudCoreData.xcdatamodeld */; };
		45BB5EB121A7658700B76876 /* Assets.xcassets in Resources */ = {isa = PBXBuildFile; fileRef = 45BB5EB021A7658700B76876 /* Assets.xcassets */; };
		45BB5EB421A7658700B76876 /* LaunchScreen.storyboard in Resources */ = {isa = PBXBuildFile; fileRef = 45BB5EB221A7658700B76876 /* LaunchScreen.storyboard */; };
/* End PBXBuildFile section */

/* Begin PBXFileReference section */
		451AA99221A85ECF00147AA1 /* EditarViewController.swift */ = {isa = PBXFileReference; lastKnownFileType = sourcecode.swift; path = EditarViewController.swift; sourceTree = "<group>"; };
		456A97C321A84E1700352D2D /* TablaViewController.swift */ = {isa = PBXFileReference; lastKnownFileType = sourcecode.swift; path = TablaViewController.swift; sourceTree = "<group>"; };
		45BB5EA321A7657200B76876 /* CrudCoreData.app */ = {isa = PBXFileReference; explicitFileType = wrapper.application; includeInIndex = 0; path = CrudCoreData.app; sourceTree = BUILT_PRODUCTS_DIR; };
		45BB5EA621A7657200B76876 /* AppDelegate.swift */ = {isa = PBXFileReference; lastKnownFileType = sourcecode.swift; path = AppDelegate.swift; sourceTree = "<group>"; };
		45BB5EA821A7657200B76876 /* ViewController.swift */ = {isa = PBXFileReference; lastKnownFileType = sourcecode.swift; path = ViewController.swift; sourceTree = "<group>"; };
		45BB5EAB21A7657200B76876 /* Base */ = {isa = PBXFileReference; lastKnownFileType = file.storyboard; name = Base; path = Base.lproj/Main.storyboard; sourceTree = "<group>"; };
		45BB5EAE21A7657200B76876 /* CrudCoreData.xcdatamodel */ = {isa = PBXFileReference; lastKnownFileType = wrapper.xcdatamodel; path = CrudCoreData.xcdatamodel; sourceTree = "<group>"; };
		45BB5EB021A7658700B76876 /* Assets.xcassets */ = {isa = PBXFileReference; lastKnownFileType = folder.assetcatalog; path = Assets.xcassets; sourceTree = "<group>"; };
		45BB5EB321A7658700B76876 /* Base */ = {isa = PBXFileReference; lastKnownFileType = file.storyboard; name = Base; path = Base.lproj/LaunchScreen.storyboard; sourceTree = "<group>"; };
		45BB5EB521A7658700B76876 /* Info.plist */ = {isa = PBXFileReference; lastKnownFileType = text.plist.xml; path = Info.plist; sourceTree = "<group>"; };
/* End PBXFileReference section */

/* Begin PBXFrameworksBuildPhase section */
		45BB5EA021A7657200B76876 /* Frameworks */ = {
			isa = PBXFrameworksBuildPhase;
			buildActionMask = 2147483647;
			files = (
			);
			runOnlyForDeploymentPostprocessing = 0;
		};
/* End PBXFrameworksBuildPhase section */

/* Begin PBXGroup section */
		45BB5E9A21A7657200B76876 = {
			isa = PBXGroup;
			children = (
				45BB5EA521A7657200B76876 /* CrudCoreData */,
				45BB5EA421A7657200B76876 /* Products */,
			);
			sourceTree = "<group>";
		};
		45BB5EA421A7657200B76876 /* Products */ = {
			isa = PBXGroup;
			children = (
				45BB5EA321A7657200B76876 /* CrudCoreData.app */,
			);
			name = Products;
			sourceTree = "<group>";
		};
		45BB5EA521A7657200B76876 /* CrudCoreData */ = {
			isa = PBXGroup;
			children = (
				45BB5EA621A7657200B76876 /* AppDelegate.swift */,
				45BB5EA821A7657200B76876 /* ViewController.swift */,
				456A97C321A84E1700352D2D /* TablaViewController.swift */,
				451AA99221A85ECF00147AA1 /* EditarViewController.swift */,
				45BB5EAA21A7657200B76876 /* Main.storyboard */,
				45BB5EB021A7658700B76876 /* Assets.xcassets */,
				45BB5EB221A7658700B76876 /* LaunchScreen.storyboard */,
				45BB5EB521A7658700B76876 /* Info.plist */,
				45BB5EAD21A7657200B76876 /* CrudCoreData.xcdatamodeld */,
			);
			path = CrudCoreData;
			sourceTree = "<group>";
		};
/* End PBXGroup section */

/* Begin PBXNativeTarget section */
		45BB5EA221A7657200B76876 /* CrudCoreData */ = {
			isa = PBXNativeTarget;
			buildConfigurationList = 45BB5EB821A7658700B76876 /* Build configuration list for PBXNativeTarget "CrudCoreData" */;
			buildPhases = (
				45BB5E9F21A7657200B76876 /* Sources */,
				45BB5EA021A7657200B76876 /* Frameworks */,
				45BB5EA121A7657200B76876 /* Resources */,
			);
			buildRules = (
			);
			dependencies = (
			);
			name = CrudCoreData;
			productName = CrudCoreData;
			productReference = 45BB5EA321A7657200B76876 /* CrudCoreData.app */;
			productType = "com.apple.product-type.application";
		};
/* End PBXNativeTarget section */

/* Begin PBXProject section */
		45BB5E9B21A7657200B76876 /* Project object */ = {
			isa = PBXProject;
			attributes = {
				LastSwiftUpdateCheck = 1010;
				LastUpgradeCheck = 1010;
				ORGANIZATIONNAME = ISA;
				TargetAttributes = {
					45BB5EA221A7657200B76876 = {
						CreatedOnToolsVersion = 10.1;
					};
				};
			};
			buildConfigurationList = 45BB5E9E21A7657200B76876 /* Build configuration list for PBXProject "CrudCoreData" */;
			compatibilityVersion = "Xcode 9.3";
			developmentRegion = en;
			hasScannedForEncodings = 0;
			knownRegions = (
				en,
				Base,
			);
			mainGroup = 45BB5E9A21A7657200B76876;
			productRefGroup = 45BB5EA421A7657200B76876 /* Products */;
			projectDirPath = "";
			projectRoot = "";
			targets = (
				45BB5EA221A7657200B76876 /* CrudCoreData */,
			);
		};
/* End PBXProject section */

/* Begin PBXResourcesBuildPhase section */
		45BB5EA121A7657200B76876 /* Resources */ = {
			isa = PBXResourcesBuildPhase;
			buildActionMask = 2147483647;
			files = (
				45BB5EB421A7658700B76876 /* LaunchScreen.storyboard in Resources */,
				45BB5EB121A7658700B76876 /* Assets.xcassets in Resources */,
				45BB5EAC21A7657200B76876 /* Main.storyboard in Resources */,
			);
			runOnlyForDeploymentPostprocessing = 0;
		};
/* End PBXResourcesBuildPhase section */

/* Begin PBXSourcesBuildPhase section */
		45BB5E9F21A7657200B76876 /* Sources */ = {
			isa = PBXSourcesBuildPhase;
			buildActionMask = 2147483647;
			files = (
				451AA99321A85ECF00147AA1 /* EditarViewController.swift in Sources */,
				45BB5EA921A7657200B76876 /* ViewController.swift in Sources */,
				45BB5EA721A7657200B76876 /* AppDelegate.swift in Sources */,
				45BB5EAF21A7657200B76876 /* CrudCoreData.xcdatamodeld in Sources */,
				456A97C421A84E1700352D2D /* TablaViewController.swift in Sources */,
			);
			runOnlyForDeploymentPostprocessing = 0;
		};
/* End PBXSourcesBuildPhase section */

/* Begin PBXVariantGroup section */
		45BB5EAA21A7657200B76876 /* Main.storyboard */ = {
			isa = PBXVariantGroup;
			children = (
				45BB5EAB21A7657200B76876 /* Base */,
			);
			name = Main.storyboard;
			sourceTree = "<group>";
		};
		45BB5EB221A7658700B76876 /* LaunchScreen.storyboard */ = {
			isa = PBXVariantGroup;
			children = (
				45BB5EB321A7658700B76876 /* Base */,
			);
			name = LaunchScreen.storyboard;
			sourceTree = "<group>";
		};
/* End PBXVariantGroup section */

/* Begin XCBuildConfiguration section */
		45BB5EB621A7658700B76876 /* Debug */ = {
			isa = XCBuildConfiguration;
			buildSettings = {
				ALWAYS_SEARCH_USER_PATHS = NO;
				CLANG_ANALYZER_NONNULL = YES;
				CLANG_ANALYZER_NUMBER_OBJECT_CONVERSION = YES_AGGRESSIVE;
				CLANG_CXX_LANGUAGE_STANDARD = "gnu++14";
				CLANG_CXX_LIBRARY = "libc++";
				CLANG_ENABLE_MODULES = YES;
				CLANG_ENABLE_OBJC_ARC = YES;
				CLANG_ENABLE_OBJC_WEAK = YES;
				CLANG_WARN_BLOCK_CAPTURE_AUTORELEASING = YES;
				CLANG_WARN_BOOL_CONVERSION = YES;
				CLANG_WARN_COMMA = YES;
				CLANG_WARN_CONSTANT_CONVERSION = YES;
				CLANG_WARN_DEPRECATED_OBJC_IMPLEMENTATIONS = YES;
				CLANG_WARN_DIRECT_OBJC_ISA_USAGE = YES_ERROR;
				CLANG_WARN_DOCUMENTATION_COMMENTS = YES;
				CLANG_WARN_EMPTY_BODY = YES;
				CLANG_WARN_ENUM_CONVERSION = YES;
				CLANG_WARN_INFINITE_RECURSION = YES;
				CLANG_WARN_INT_CONVERSION = YES;
				CLANG_WARN_NON_LITERAL_NULL_CONVERSION = YES;
				CLANG_WARN_OBJC_IMPLICIT_RETAIN_SELF = YES;
				CLANG_WARN_OBJC_LITERAL_CONVERSION = YES;
				CLANG_WARN_OBJC_ROOT_CLASS = YES_ERROR;
				CLANG_WARN_RANGE_LOOP_ANALYSIS = YES;
				CLANG_WARN_STRICT_PROTOTYPES = YES;
				CLANG_WARN_SUSPICIOUS_MOVE = YES;
				CLANG_WARN_UNGUARDED_AVAILABILITY = YES_AGGRESSIVE;
				CLANG_WARN_UNREACHABLE_CODE = YES;
				CLANG_WARN__DUPLICATE_METHOD_MATCH = YES;
				CODE_SIGN_IDENTITY = "iPhone Developer";
				COPY_PHASE_STRIP = NO;
				DEBUG_INFORMATION_FORMAT = dwarf;
				ENABLE_STRICT_OBJC_MSGSEND = YES;
				ENABLE_TESTABILITY = YES;
				GCC_C_LANGUAGE_STANDARD = gnu11;
				GCC_DYNAMIC_NO_PIC = NO;
				GCC_NO_COMMON_BLOCKS = YES;
				GCC_OPTIMIZATION_LEVEL = 0;
				GCC_PREPROCESSOR_DEFINITIONS = (
					"DEBUG=1",
					"$(inherited)",
				);
				GCC_WARN_64_TO_32_BIT_CONVERSION = YES;
				GCC_WARN_ABOUT_RETURN_TYPE = YES_ERROR;
				GCC_WARN_UNDECLARED_SELECTOR = YES;
				GCC_WARN_UNINITIALIZED_AUTOS = YES_AGGRESSIVE;
				GCC_WARN_UNUSED_FUNCTION = YES;
				GCC_WARN_UNUSED_VARIABLE = YES;
				IPHONEOS_DEPLOYMENT_TARGET = 12.1;
				MTL_ENABLE_DEBUG_INFO = INCLUDE_SOURCE;
				MTL_FAST_MATH = YES;
				ONLY_ACTIVE_ARCH = YES;
				SDKROOT = iphoneos;
				SWIFT_ACTIVE_COMPILATION_CONDITIONS = DEBUG;
				SWIFT_OPTIMIZATION_LEVEL = "-Onone";
			};
			name = Debug;
		};
		45BB5EB721A7658700B76876 /* Release */ = {
			isa = XCBuildConfiguration;
			buildSettings = {
				ALWAYS_SEARCH_USER_PATHS = NO;
				CLANG_ANALYZER_NONNULL = YES;
				CLANG_ANALYZER_NUMBER_OBJECT_CONVERSION = YES_AGGRESSIVE;
				CLANG_CXX_LANGUAGE_STANDARD = "gnu++14";
				CLANG_CXX_LIBRARY = "libc++";
				CLANG_ENABLE_MODULES = YES;
				CLANG_ENABLE_OBJC_ARC = YES;
				CLANG_ENABLE_OBJC_WEAK = YES;
				CLANG_WARN_BLOCK_CAPTURE_AUTORELEASING = YES;
				CLANG_WARN_BOOL_CONVERSION = YES;
				CLANG_WARN_COMMA = YES;
				CLANG_WARN_CONSTANT_CONVERSION = YES;
				CLANG_WARN_DEPRECATED_OBJC_IMPLEMENTATIONS = YES;
				CLANG_WARN_DIRECT_OBJC_ISA_USAGE = YES_ERROR;
				CLANG_WARN_DOCUMENTATION_COMMENTS = YES;
				CLANG_WARN_EMPTY_BODY = YES;
				CLANG_WARN_ENUM_CONVERSION = YES;
				CLANG_WARN_INFINITE_RECURSION = YES;
				CLANG_WARN_INT_CONVERSION = YES;
				CLANG_WARN_NON_LITERAL_NULL_CONVERSION = YES;
				CLANG_WARN_OBJC_IMPLICIT_RETAIN_SELF = YES;
				CLANG_WARN_OBJC_LITERAL_CONVERSION = YES;
				CLANG_WARN_OBJC_ROOT_CLASS = YES_ERROR;
				CLANG_WARN_RANGE_LOOP_ANALYSIS = YES;
				CLANG_WARN_STRICT_PROTOTYPES = YES;
				CLANG_WARN_SUSPICIOUS_MOVE = YES;
				CLANG_WARN_UNGUARDED_AVAILABILITY = YES_AGGRESSIVE;
				CLANG_WARN_UNREACHABLE_CODE = YES;
				CLANG_WARN__DUPLICATE_METHOD_MATCH = YES;
				CODE_SIGN_IDENTITY = "iPhone Developer";
				COPY_PHASE_STRIP = NO;
				DEBUG_INFORMATION_FORMAT = "dwarf-with-dsym";
				ENABLE_NS_ASSERTIONS = NO;
				ENABLE_STRICT_OBJC_MSGSEND = YES;
				GCC_C_LANGUAGE_STANDARD = gnu11;
				GCC_NO_COMMON_BLOCKS = YES;
				GCC_WARN_64_TO_32_BIT_CONVERSION = YES;
				GCC_WARN_ABOUT_RETURN_TYPE = YES_ERROR;
				GCC_WARN_UNDECLARED_SELECTOR = YES;
				GCC_WARN_UNINITIALIZED_AUTOS = YES_AGGRESSIVE;
				GCC_WARN_UNUSED_FUNCTION = YES;
				GCC_WARN_UNUSED_VARIABLE = YES;
				IPHONEOS_DEPLOYMENT_TARGET = 12.1;
				MTL_ENABLE_DEBUG_INFO = NO;
				MTL_FAST_MATH = YES;
				SDKROOT = iphoneos;
				SWIFT_COMPILATION_MODE = wholemodule;
				SWIFT_OPTIMIZATION_LEVEL = "-O";
				VALIDATE_PRODUCT = YES;
			};
			name = Release;
		};
		45BB5EB921A7658700B76876 /* Debug */ = {
			isa = XCBuildConfiguration;
			buildSettings = {
				ASSETCATALOG_COMPILER_APPICON_NAME = AppIcon;
				CODE_SIGN_STYLE = Automatic;
				DEVELOPMENT_TEAM = 83SR592X38;
				INFOPLIST_FILE = CrudCoreData/Info.plist;
				LD_RUNPATH_SEARCH_PATHS = (
					"$(inherited)",
					"@executable_path/Frameworks",
				);
				PRODUCT_BUNDLE_IDENTIFIER = com.isa.CrudCoreData;
				PRODUCT_NAME = "$(TARGET_NAME)";
				SWIFT_VERSION = 4.2;
				TARGETED_DEVICE_FAMILY = "1,2";
			};
			name = Debug;
		};
		45BB5EBA21A7658700B76876 /* Release */ = {
			isa = XCBuildConfiguration;
			buildSettings = {
				ASSETCATALOG_COMPILER_APPICON_NAME = AppIcon;
				CODE_SIGN_STYLE = Automatic;
				DEVELOPMENT_TEAM = 83SR592X38;
				INFOPLIST_FILE = CrudCoreData/Info.plist;
				LD_RUNPATH_SEARCH_PATHS = (
					"$(inherited)",
					"@executable_path/Frameworks",
				);
				PRODUCT_BUNDLE_IDENTIFIER = com.isa.CrudCoreData;
				PRODUCT_NAME = "$(TARGET_NAME)";
				SWIFT_VERSION = 4.2;
				TARGETED_DEVICE_FAMILY = "1,2";
			};
			name = Release;
		};
/* End XCBuildConfiguration section */

/* Begin XCConfigurationList section */
		45BB5E9E21A7657200B76876 /* Build configuration list for PBXProject "CrudCoreData" */ = {
			isa = XCConfigurationList;
			buildConfigurations = (
				45BB5EB621A7658700B76876 /* Debug */,
				45BB5EB721A7658700B76876 /* Release */,
			);
			defaultConfigurationIsVisible = 0;
			defaultConfigurationName = Release;
		};
		45BB5EB821A7658700B76876 /* Build configuration list for PBXNativeTarget "CrudCoreData" */ = {
			isa = XCConfigurationList;
			buildConfigurations = (
				45BB5EB921A7658700B76876 /* Debug */,
				45BB5EBA21A7658700B76876 /* Release */,
			);
			defaultConfigurationIsVisible = 0;
			defaultConfigurationName = Release;
		};
/* End XCConfigurationList section */

/* Begin XCVersionGroup section */
		45BB5EAD21A7657200B76876 /* CrudCoreData.xcdatamodeld */ = {
			isa = XCVersionGroup;
			children = (
				45BB5EAE21A7657200B76876 /* CrudCoreData.xcdatamodel */,
			);
			currentVersion = 45BB5EAE21A7657200B76876 /* CrudCoreData.xcdatamodel */;
			path = CrudCoreData.xcdatamodeld;
			sourceTree = "<group>";
			versionGroupType = wrapper.xcdatamodel;
		};
/* End XCVersionGroup section */
	};
	rootObject = 45BB5E9B21A7657200B76876 /* Project object */;
}
